
Microsoft Visual Studio Solution File, Format Version 12.00
# Visual Studio Version 16
VisualStudioVersion = 16.0.29215.179
MinimumVisualStudioVersion = 10.0.40219.1
Project("{FAE04EC0-301F-11D3-BF4B-00C04F79EFBC}") = "calculadora", "calculadora\calculadora.csproj", "{7C0A7271-401C-4112-A6E3-542C48ED1253}"
EndProject
Global
	GlobalSection(SolutionConfigurationPlatforms) = preSolution
		Debug|Any CPU = Debug|Any CPU
		Release|Any CPU = Release|Any CPU
	EndGlobalSection
	GlobalSection(ProjectConfigurationPlatforms) = postSolution
		{7C0A7271-401C-4112-A6E3-542C48ED1253}.Debug|Any CPU.ActiveCfg = Debug|Any CPU
		{7C0A7271-401C-4112-A6E3-542C48ED1253}.Debug|Any CPU.Build.0 = Debug|Any CPU
		{7C0A7271-401C-4112-A6E3-542C48ED1253}.Release|Any CPU.ActiveCfg = Release|Any CPU
		{7C0A7271-401C-4112-A6E3-542C48ED1253}.Release|Any CPU.Build.0 = Release|Any CPU
	EndGlobalSection
	GlobalSection(SolutionProperties) = preSolution
		HideSolutionNode = FALSE
	EndGlobalSection
	GlobalSection(ExtensibilityGlobals) = postSolution
		SolutionGuid = {7D616A38-6E88-48C1-8853-A0A64753A44E}
	EndGlobalSection
EndGlobal
