
Microsoft Visual Studio Solution File, Format Version 12.00
# Visual Studio Version 16
VisualStudioVersion = 16.0.29215.179
MinimumVisualStudioVersion = 10.0.40219.1
Project("{FAE04EC0-301F-11D3-BF4B-00C04F79EFBC}") = "entregar calculadora", "entregar calculadora\entregar calculadora.csproj", "{F580716B-EF4F-407B-B2E3-8A2A8FC17C60}"
EndProject
Global
	GlobalSection(SolutionConfigurationPlatforms) = preSolution
		Debug|Any CPU = Debug|Any CPU
		Release|Any CPU = Release|Any CPU
	EndGlobalSection
	GlobalSection(ProjectConfigurationPlatforms) = postSolution
		{F580716B-EF4F-407B-B2E3-8A2A8FC17C60}.Debug|Any CPU.ActiveCfg = Debug|Any CPU
		{F580716B-EF4F-407B-B2E3-8A2A8FC17C60}.Debug|Any CPU.Build.0 = Debug|Any CPU
		{F580716B-EF4F-407B-B2E3-8A2A8FC17C60}.Release|Any CPU.ActiveCfg = Release|Any CPU
		{F580716B-EF4F-407B-B2E3-8A2A8FC17C60}.Release|Any CPU.Build.0 = Release|Any CPU
	EndGlobalSection
	GlobalSection(SolutionProperties) = preSolution
		HideSolutionNode = FALSE
	EndGlobalSection
	GlobalSection(ExtensibilityGlobals) = postSolution
		SolutionGuid = {BC42DD71-DCDE-4F19-A5C5-B8C953013724}
	EndGlobalSection
EndGlobal
